
Microsoft Visual Studio Solution File, Format Version 12.00
# Visual Studio Version 17
VisualStudioVersion = 17.1.32210.238
MinimumVisualStudioVersion = 10.0.40219.1
Project("{FAE04EC0-301F-11D3-BF4B-00C04F79EFBC}") = "demo_WebAPI2", "demo_WebAPI2\demo_WebAPI2.csproj", "{C828A20A-4FE7-4E22-A4F7-2A2565508ADC}"
EndProject
Project("{FAE04EC0-301F-11D3-BF4B-00C04F79EFBC}") = "DAL", "DAL\DAL.csproj", "{2B0208E7-0928-4CD2-9E63-10D53152CA07}"
EndProject
Global
	GlobalSection(SolutionConfigurationPlatforms) = preSolution
		Debug|Any CPU = Debug|Any CPU
		Release|Any CPU = Release|Any CPU
	EndGlobalSection
	GlobalSection(ProjectConfigurationPlatforms) = postSolution
		{C828A20A-4FE7-4E22-A4F7-2A2565508ADC}.Debug|Any CPU.ActiveCfg = Debug|Any CPU
		{C828A20A-4FE7-4E22-A4F7-2A2565508ADC}.Debug|Any CPU.Build.0 = Debug|Any CPU
		{C828A20A-4FE7-4E22-A4F7-2A2565508ADC}.Release|Any CPU.ActiveCfg = Release|Any CPU
		{C828A20A-4FE7-4E22-A4F7-2A2565508ADC}.Release|Any CPU.Build.0 = Release|Any CPU
		{2B0208E7-0928-4CD2-9E63-10D53152CA07}.Debug|Any CPU.ActiveCfg = Debug|Any CPU
		{2B0208E7-0928-4CD2-9E63-10D53152CA07}.Debug|Any CPU.Build.0 = Debug|Any CPU
		{2B0208E7-0928-4CD2-9E63-10D53152CA07}.Release|Any CPU.ActiveCfg = Release|Any CPU
		{2B0208E7-0928-4CD2-9E63-10D53152CA07}.Release|Any CPU.Build.0 = Release|Any CPU
	EndGlobalSection
	GlobalSection(SolutionProperties) = preSolution
		HideSolutionNode = FALSE
	EndGlobalSection
	GlobalSection(ExtensibilityGlobals) = postSolution
		SolutionGuid = {1023B5A3-C360-47B3-90F5-6CD600411E8B}
	EndGlobalSection
EndGlobal
